
Microsoft Visual Studio Solution File, Format Version 12.00
# Visual Studio 15
Project("{FAE04EC0-301F-11D3-BF4B-00C04F79EFBC}") = "JsonParseTextRepro.Android", "JsonParseTextRepro.Android\JsonParseTextRepro.Android.csproj", "{E1710D05-3720-4C29-8EF1-35CFD67EDD71}"
EndProject
Project("{FAE04EC0-301F-11D3-BF4B-00C04F79EFBC}") = "JsonParseTextRepro", "JsonParseTextRepro\JsonParseTextRepro.csproj", "{DA70B05F-D6E1-406D-A56B-0807B460CF8E}"
EndProject
Global
	GlobalSection(SolutionConfigurationPlatforms) = preSolution
		Debug|Any CPU = Debug|Any CPU
		Release|Any CPU = Release|Any CPU
		Debug|iPhoneSimulator = Debug|iPhoneSimulator
		Release|iPhoneSimulator = Release|iPhoneSimulator
		Debug|iPhone = Debug|iPhone
		Release|iPhone = Release|iPhone
	EndGlobalSection
	GlobalSection(ProjectConfigurationPlatforms) = postSolution
		{E1710D05-3720-4C29-8EF1-35CFD67EDD71}.Release|Any CPU.ActiveCfg = Release|Any CPU
		{E1710D05-3720-4C29-8EF1-35CFD67EDD71}.Release|Any CPU.Build.0 = Release|Any CPU
		{DA70B05F-D6E1-406D-A56B-0807B460CF8E}.Release|Any CPU.ActiveCfg = Release|Any CPU
		{DA70B05F-D6E1-406D-A56B-0807B460CF8E}.Release|Any CPU.Build.0 = Release|Any CPU
	EndGlobalSection
EndGlobal
